// !$*UTF8*$!
{
	archiveVersion = 1;
	classes = {
	};
	objectVersion = 50;
	objects = {

/* Begin PBXBuildFile section */
		E23A4D7F2110EA03009AB18D /* CardScrollViewController.swift in Sources */ = {isa = PBXBuildFile; fileRef = E23A4D7E2110EA03009AB18D /* CardScrollViewController.swift */; };
		E2C54486210FAF260081B7D1 /* AppDelegate.swift in Sources */ = {isa = PBXBuildFile; fileRef = E2C54485210FAF260081B7D1 /* AppDelegate.swift */; };
		E2C54488210FAF260081B7D1 /* ViewController.swift in Sources */ = {isa = PBXBuildFile; fileRef = E2C54487210FAF260081B7D1 /* ViewController.swift */; };
		E2C5448B210FAF260081B7D1 /* Main.storyboard in Resources */ = {isa = PBXBuildFile; fileRef = E2C54489210FAF260081B7D1 /* Main.storyboard */; };
		E2C5448D210FAF280081B7D1 /* Assets.xcassets in Resources */ = {isa = PBXBuildFile; fileRef = E2C5448C210FAF280081B7D1 /* Assets.xcassets */; };
		E2C54490210FAF280081B7D1 /* LaunchScreen.storyboard in Resources */ = {isa = PBXBuildFile; fileRef = E2C5448E210FAF280081B7D1 /* LaunchScreen.storyboard */; };
		E2C5449C210FD4E10081B7D1 /* Default-568h@2x.png in Resources */ = {isa = PBXBuildFile; fileRef = E2C5449B210FD4E10081B7D1 /* Default-568h@2x.png */; };
		E2C5449E210FD8990081B7D1 /* Question.swift in Sources */ = {isa = PBXBuildFile; fileRef = E2C5449D210FD8990081B7D1 /* Question.swift */; };
		E2C544A0210FD9980081B7D1 /* CardStack.swift in Sources */ = {isa = PBXBuildFile; fileRef = E2C5449F210FD9980081B7D1 /* CardStack.swift */; };
/* End PBXBuildFile section */

/* Begin PBXFileReference section */
		E23A4D7E2110EA03009AB18D /* CardScrollViewController.swift */ = {isa = PBXFileReference; lastKnownFileType = sourcecode.swift; path = CardScrollViewController.swift; sourceTree = "<group>"; };
		E2C54482210FAF260081B7D1 /* Bio Flash.app */ = {isa = PBXFileReference; explicitFileType = wrapper.application; includeInIndex = 0; path = "Bio Flash.app"; sourceTree = BUILT_PRODUCTS_DIR; };
		E2C54485210FAF260081B7D1 /* AppDelegate.swift */ = {isa = PBXFileReference; lastKnownFileType = sourcecode.swift; path = AppDelegate.swift; sourceTree = "<group>"; };
		E2C54487210FAF260081B7D1 /* ViewController.swift */ = {isa = PBXFileReference; lastKnownFileType = sourcecode.swift; path = ViewController.swift; sourceTree = "<group>"; };
		E2C5448A210FAF260081B7D1 /* Base */ = {isa = PBXFileReference; lastKnownFileType = file.storyboard; name = Base; path = Base.lproj/Main.storyboard; sourceTree = "<group>"; };
		E2C5448C210FAF280081B7D1 /* Assets.xcassets */ = {isa = PBXFileReference; lastKnownFileType = folder.assetcatalog; path = Assets.xcassets; sourceTree = "<group>"; };
		E2C5448F210FAF280081B7D1 /* Base */ = {isa = PBXFileReference; lastKnownFileType = file.storyboard; name = Base; path = Base.lproj/LaunchScreen.storyboard; sourceTree = "<group>"; };
		E2C54491210FAF280081B7D1 /* Info.plist */ = {isa = PBXFileReference; lastKnownFileType = text.plist.xml; path = Info.plist; sourceTree = "<group>"; };
		E2C5449B210FD4E10081B7D1 /* Default-568h@2x.png */ = {isa = PBXFileReference; lastKnownFileType = image.png; path = "Default-568h@2x.png"; sourceTree = "<group>"; };
		E2C5449D210FD8990081B7D1 /* Question.swift */ = {isa = PBXFileReference; lastKnownFileType = sourcecode.swift; path = Question.swift; sourceTree = "<group>"; };
		E2C5449F210FD9980081B7D1 /* CardStack.swift */ = {isa = PBXFileReference; lastKnownFileType = sourcecode.swift; path = CardStack.swift; sourceTree = "<group>"; };
/* End PBXFileReference section */

/* Begin PBXFrameworksBuildPhase section */
		E2C5447F210FAF260081B7D1 /* Frameworks */ = {
			isa = PBXFrameworksBuildPhase;
			buildActionMask = 2147483647;
			files = (
			);
			runOnlyForDeploymentPostprocessing = 0;
		};
/* End PBXFrameworksBuildPhase section */

/* Begin PBXGroup section */
		E2C54479210FAF250081B7D1 = {
			isa = PBXGroup;
			children = (
				E2C5449B210FD4E10081B7D1 /* Default-568h@2x.png */,
				E2C54484210FAF260081B7D1 /* Bio Flash */,
				E2C54483210FAF260081B7D1 /* Products */,
			);
			sourceTree = "<group>";
		};
		E2C54483210FAF260081B7D1 /* Products */ = {
			isa = PBXGroup;
			children = (
				E2C54482210FAF260081B7D1 /* Bio Flash.app */,
			);
			name = Products;
			sourceTree = "<group>";
		};
		E2C54484210FAF260081B7D1 /* Bio Flash */ = {
			isa = PBXGroup;
			children = (
				E2C5449A210FB52F0081B7D1 /* Supporting Files */,
				E2C54499210FB4CD0081B7D1 /* Controller */,
				E2C54498210FB4C60081B7D1 /* View */,
				E2C54497210FB4220081B7D1 /* Model */,
			);
			path = "Bio Flash";
			sourceTree = "<group>";
		};
		E2C54497210FB4220081B7D1 /* Model */ = {
			isa = PBXGroup;
			children = (
				E2C5449D210FD8990081B7D1 /* Question.swift */,
				E2C5449F210FD9980081B7D1 /* CardStack.swift */,
			);
			path = Model;
			sourceTree = "<group>";
		};
		E2C54498210FB4C60081B7D1 /* View */ = {
			isa = PBXGroup;
			children = (
				E2C54489210FAF260081B7D1 /* Main.storyboard */,
				E2C5448C210FAF280081B7D1 /* Assets.xcassets */,
			);
			path = View;
			sourceTree = "<group>";
		};
		E2C54499210FB4CD0081B7D1 /* Controller */ = {
			isa = PBXGroup;
			children = (
				E2C54485210FAF260081B7D1 /* AppDelegate.swift */,
				E2C54487210FAF260081B7D1 /* ViewController.swift */,
				E23A4D7E2110EA03009AB18D /* CardScrollViewController.swift */,
			);
			path = Controller;
			sourceTree = "<group>";
		};
		E2C5449A210FB52F0081B7D1 /* Supporting Files */ = {
			isa = PBXGroup;
			children = (
				E2C5448E210FAF280081B7D1 /* LaunchScreen.storyboard */,
				E2C54491210FAF280081B7D1 /* Info.plist */,
			);
			path = "Supporting Files";
			sourceTree = "<group>";
		};
/* End PBXGroup section */

/* Begin PBXNativeTarget section */
		E2C54481210FAF260081B7D1 /* Bio Flash */ = {
			isa = PBXNativeTarget;
			buildConfigurationList = E2C54494210FAF280081B7D1 /* Build configuration list for PBXNativeTarget "Bio Flash" */;
			buildPhases = (
				E2C5447E210FAF260081B7D1 /* Sources */,
				E2C5447F210FAF260081B7D1 /* Frameworks */,
				E2C54480210FAF260081B7D1 /* Resources */,
			);
			buildRules = (
			);
			dependencies = (
			);
			name = "Bio Flash";
			productName = "Bio Flash";
			productReference = E2C54482210FAF260081B7D1 /* Bio Flash.app */;
			productType = "com.apple.product-type.application";
		};
/* End PBXNativeTarget section */

/* Begin PBXProject section */
		E2C5447A210FAF250081B7D1 /* Project object */ = {
			isa = PBXProject;
			attributes = {
				LastSwiftUpdateCheck = 0940;
				LastUpgradeCheck = 0940;
				ORGANIZATIONNAME = "Kristopher Manceaux";
				TargetAttributes = {
					E2C54481210FAF260081B7D1 = {
						CreatedOnToolsVersion = 9.4.1;
					};
				};
			};
			buildConfigurationList = E2C5447D210FAF250081B7D1 /* Build configuration list for PBXProject "Bio Flash" */;
			compatibilityVersion = "Xcode 9.3";
			developmentRegion = en;
			hasScannedForEncodings = 0;
			knownRegions = (
				en,
				Base,
			);
			mainGroup = E2C54479210FAF250081B7D1;
			productRefGroup = E2C54483210FAF260081B7D1 /* Products */;
			projectDirPath = "";
			projectRoot = "";
			targets = (
				E2C54481210FAF260081B7D1 /* Bio Flash */,
			);
		};
/* End PBXProject section */

/* Begin PBXResourcesBuildPhase section */
		E2C54480210FAF260081B7D1 /* Resources */ = {
			isa = PBXResourcesBuildPhase;
			buildActionMask = 2147483647;
			files = (
				E2C54490210FAF280081B7D1 /* LaunchScreen.storyboard in Resources */,
				E2C5449C210FD4E10081B7D1 /* Default-568h@2x.png in Resources */,
				E2C5448D210FAF280081B7D1 /* Assets.xcassets in Resources */,
				E2C5448B210FAF260081B7D1 /* Main.storyboard in Resources */,
			);
			runOnlyForDeploymentPostprocessing = 0;
		};
/* End PBXResourcesBuildPhase section */

/* Begin PBXSourcesBuildPhase section */
		E2C5447E210FAF260081B7D1 /* Sources */ = {
			isa = PBXSourcesBuildPhase;
			buildActionMask = 2147483647;
			files = (
				E2C5449E210FD8990081B7D1 /* Question.swift in Sources */,
				E2C54488210FAF260081B7D1 /* ViewController.swift in Sources */,
				E2C544A0210FD9980081B7D1 /* CardStack.swift in Sources */,
				E23A4D7F2110EA03009AB18D /* CardScrollViewController.swift in Sources */,
				E2C54486210FAF260081B7D1 /* AppDelegate.swift in Sources */,
			);
			runOnlyForDeploymentPostprocessing = 0;
		};
/* End PBXSourcesBuildPhase section */

/* Begin PBXVariantGroup section */
		E2C54489210FAF260081B7D1 /* Main.storyboard */ = {
			isa = PBXVariantGroup;
			children = (
				E2C5448A210FAF260081B7D1 /* Base */,
			);
			name = Main.storyboard;
			sourceTree = "<group>";
		};
		E2C5448E210FAF280081B7D1 /* LaunchScreen.storyboard */ = {
			isa = PBXVariantGroup;
			children = (
				E2C5448F210FAF280081B7D1 /* Base */,
			);
			name = LaunchScreen.storyboard;
			sourceTree = "<group>";
		};
/* End PBXVariantGroup section */

/* Begin XCBuildConfiguration section */
		E2C54492210FAF280081B7D1 /* Debug */ = {
			isa = XCBuildConfiguration;
			buildSettings = {
				ALWAYS_SEARCH_USER_PATHS = NO;
				CLANG_ANALYZER_NONNULL = YES;
				CLANG_ANALYZER_NUMBER_OBJECT_CONVERSION = YES_AGGRESSIVE;
				CLANG_CXX_LANGUAGE_STANDARD = "gnu++14";
				CLANG_CXX_LIBRARY = "libc++";
				CLANG_ENABLE_MODULES = YES;
				CLANG_ENABLE_OBJC_ARC = YES;
				CLANG_ENABLE_OBJC_WEAK = YES;
				CLANG_WARN_BLOCK_CAPTURE_AUTORELEASING = YES;
				CLANG_WARN_BOOL_CONVERSION = YES;
				CLANG_WARN_COMMA = YES;
				CLANG_WARN_CONSTANT_CONVERSION = YES;
				CLANG_WARN_DEPRECATED_OBJC_IMPLEMENTATIONS = YES;
				CLANG_WARN_DIRECT_OBJC_ISA_USAGE = YES_ERROR;
				CLANG_WARN_DOCUMENTATION_COMMENTS = YES;
				CLANG_WARN_EMPTY_BODY = YES;
				CLANG_WARN_ENUM_CONVERSION = YES;
				CLANG_WARN_INFINITE_RECURSION = YES;
				CLANG_WARN_INT_CONVERSION = YES;
				CLANG_WARN_NON_LITERAL_NULL_CONVERSION = YES;
				CLANG_WARN_OBJC_IMPLICIT_RETAIN_SELF = YES;
				CLANG_WARN_OBJC_LITERAL_CONVERSION = YES;
				CLANG_WARN_OBJC_ROOT_CLASS = YES_ERROR;
				CLANG_WARN_RANGE_LOOP_ANALYSIS = YES;
				CLANG_WARN_STRICT_PROTOTYPES = YES;
				CLANG_WARN_SUSPICIOUS_MOVE = YES;
				CLANG_WARN_UNGUARDED_AVAILABILITY = YES_AGGRESSIVE;
				CLANG_WARN_UNREACHABLE_CODE = YES;
				CLANG_WARN__DUPLICATE_METHOD_MATCH = YES;
				CODE_SIGN_IDENTITY = "iPhone Developer";
				COPY_PHASE_STRIP = NO;
				DEBUG_INFORMATION_FORMAT = dwarf;
				ENABLE_STRICT_OBJC_MSGSEND = YES;
				ENABLE_TESTABILITY = YES;
				GCC_C_LANGUAGE_STANDARD = gnu11;
				GCC_DYNAMIC_NO_PIC = NO;
				GCC_NO_COMMON_BLOCKS = YES;
				GCC_OPTIMIZATION_LEVEL = 0;
				GCC_PREPROCESSOR_DEFINITIONS = (
					"DEBUG=1",
					"$(inherited)",
				);
				GCC_WARN_64_TO_32_BIT_CONVERSION = YES;
				GCC_WARN_ABOUT_RETURN_TYPE = YES_ERROR;
				GCC_WARN_UNDECLARED_SELECTOR = YES;
				GCC_WARN_UNINITIALIZED_AUTOS = YES_AGGRESSIVE;
				GCC_WARN_UNUSED_FUNCTION = YES;
				GCC_WARN_UNUSED_VARIABLE = YES;
				IPHONEOS_DEPLOYMENT_TARGET = 11.4;
				MTL_ENABLE_DEBUG_INFO = YES;
				ONLY_ACTIVE_ARCH = YES;
				SDKROOT = iphoneos;
				SWIFT_ACTIVE_COMPILATION_CONDITIONS = DEBUG;
				SWIFT_OPTIMIZATION_LEVEL = "-Onone";
			};
			name = Debug;
		};
		E2C54493210FAF280081B7D1 /* Release */ = {
			isa = XCBuildConfiguration;
			buildSettings = {
				ALWAYS_SEARCH_USER_PATHS = NO;
				CLANG_ANALYZER_NONNULL = YES;
				CLANG_ANALYZER_NUMBER_OBJECT_CONVERSION = YES_AGGRESSIVE;
				CLANG_CXX_LANGUAGE_STANDARD = "gnu++14";
				CLANG_CXX_LIBRARY = "libc++";
				CLANG_ENABLE_MODULES = YES;
				CLANG_ENABLE_OBJC_ARC = YES;
				CLANG_ENABLE_OBJC_WEAK = YES;
				CLANG_WARN_BLOCK_CAPTURE_AUTORELEASING = YES;
				CLANG_WARN_BOOL_CONVERSION = YES;
				CLANG_WARN_COMMA = YES;
				CLANG_WARN_CONSTANT_CONVERSION = YES;
				CLANG_WARN_DEPRECATED_OBJC_IMPLEMENTATIONS = YES;
				CLANG_WARN_DIRECT_OBJC_ISA_USAGE = YES_ERROR;
				CLANG_WARN_DOCUMENTATION_COMMENTS = YES;
				CLANG_WARN_EMPTY_BODY = YES;
				CLANG_WARN_ENUM_CONVERSION = YES;
				CLANG_WARN_INFINITE_RECURSION = YES;
				CLANG_WARN_INT_CONVERSION = YES;
				CLANG_WARN_NON_LITERAL_NULL_CONVERSION = YES;
				CLANG_WARN_OBJC_IMPLICIT_RETAIN_SELF = YES;
				CLANG_WARN_OBJC_LITERAL_CONVERSION = YES;
				CLANG_WARN_OBJC_ROOT_CLASS = YES_ERROR;
				CLANG_WARN_RANGE_LOOP_ANALYSIS = YES;
				CLANG_WARN_STRICT_PROTOTYPES = YES;
				CLANG_WARN_SUSPICIOUS_MOVE = YES;
				CLANG_WARN_UNGUARDED_AVAILABILITY = YES_AGGRESSIVE;
				CLANG_WARN_UNREACHABLE_CODE = YES;
				CLANG_WARN__DUPLICATE_METHOD_MATCH = YES;
				CODE_SIGN_IDENTITY = "iPhone Developer";
				COPY_PHASE_STRIP = NO;
				DEBUG_INFORMATION_FORMAT = "dwarf-with-dsym";
				ENABLE_NS_ASSERTIONS = NO;
				ENABLE_STRICT_OBJC_MSGSEND = YES;
				GCC_C_LANGUAGE_STANDARD = gnu11;
				GCC_NO_COMMON_BLOCKS = YES;
				GCC_WARN_64_TO_32_BIT_CONVERSION = YES;
				GCC_WARN_ABOUT_RETURN_TYPE = YES_ERROR;
				GCC_WARN_UNDECLARED_SELECTOR = YES;
				GCC_WARN_UNINITIALIZED_AUTOS = YES_AGGRESSIVE;
				GCC_WARN_UNUSED_FUNCTION = YES;
				GCC_WARN_UNUSED_VARIABLE = YES;
				IPHONEOS_DEPLOYMENT_TARGET = 11.4;
				MTL_ENABLE_DEBUG_INFO = NO;
				SDKROOT = iphoneos;
				SWIFT_COMPILATION_MODE = wholemodule;
				SWIFT_OPTIMIZATION_LEVEL = "-O";
				VALIDATE_PRODUCT = YES;
			};
			name = Release;
		};
		E2C54495210FAF280081B7D1 /* Debug */ = {
			isa = XCBuildConfiguration;
			buildSettings = {
				ASSETCATALOG_COMPILER_APPICON_NAME = AppIcon;
				CODE_SIGN_STYLE = Automatic;
				INFOPLIST_FILE = "$(SRCROOT)/Bio Flash/Supporting Files/Info.plist";
				LD_RUNPATH_SEARCH_PATHS = (
					"$(inherited)",
					"@executable_path/Frameworks",
				);
				PRODUCT_BUNDLE_IDENTIFIER = "com.KristopherManceaux.Bio-Flash";
				PRODUCT_NAME = "$(TARGET_NAME)";
				SWIFT_VERSION = 4.0;
				TARGETED_DEVICE_FAMILY = "1,2";
			};
			name = Debug;
		};
		E2C54496210FAF280081B7D1 /* Release */ = {
			isa = XCBuildConfiguration;
			buildSettings = {
				ASSETCATALOG_COMPILER_APPICON_NAME = AppIcon;
				CODE_SIGN_STYLE = Automatic;
				INFOPLIST_FILE = "$(SRCROOT)/Bio Flash/Supporting Files/Info.plist";
				LD_RUNPATH_SEARCH_PATHS = (
					"$(inherited)",
					"@executable_path/Frameworks",
				);
				PRODUCT_BUNDLE_IDENTIFIER = "com.KristopherManceaux.Bio-Flash";
				PRODUCT_NAME = "$(TARGET_NAME)";
				SWIFT_VERSION = 4.0;
				TARGETED_DEVICE_FAMILY = "1,2";
			};
			name = Release;
		};
/* End XCBuildConfiguration section */

/* Begin XCConfigurationList section */
		E2C5447D210FAF250081B7D1 /* Build configuration list for PBXProject "Bio Flash" */ = {
			isa = XCConfigurationList;
			buildConfigurations = (
				E2C54492210FAF280081B7D1 /* Debug */,
				E2C54493210FAF280081B7D1 /* Release */,
			);
			defaultConfigurationIsVisible = 0;
			defaultConfigurationName = Release;
		};
		E2C54494210FAF280081B7D1 /* Build configuration list for PBXNativeTarget "Bio Flash" */ = {
			isa = XCConfigurationList;
			buildConfigurations = (
				E2C54495210FAF280081B7D1 /* Debug */,
				E2C54496210FAF280081B7D1 /* Release */,
			);
			defaultConfigurationIsVisible = 0;
			defaultConfigurationName = Release;
		};
/* End XCConfigurationList section */
	};
	rootObject = E2C5447A210FAF250081B7D1 /* Project object */;
}
